
Microsoft Visual Studio Solution File, Format Version 12.00
# Visual Studio 2013
VisualStudioVersion = 12.0.31101.0
MinimumVisualStudioVersion = 10.0.40219.1
Project("{FAE04EC0-301F-11D3-BF4B-00C04F79EFBC}") = "LifeLine.Web", "LifeLine\LifeLine.Web.csproj", "{461DCA83-9C4A-4A3C-94B1-9602972EE6B4}"
EndProject
Project("{FAE04EC0-301F-11D3-BF4B-00C04F79EFBC}") = "LifeLine.Core", "LifeLine.Core\LifeLine.Core.csproj", "{BFE60184-5C05-4E08-864A-8F0A8725B69A}"
EndProject
Project("{FAE04EC0-301F-11D3-BF4B-00C04F79EFBC}") = "LifeLine.Infrastructure", "LifeLine.Infrastructure\LifeLine.Infrastructure.csproj", "{B49A25F7-1BD9-4A09-B58B-488E6827F050}"
EndProject
Project("{FAE04EC0-301F-11D3-BF4B-00C04F79EFBC}") = "LifeLine.Services", "LifeLine.Services\LifeLine.Services.csproj", "{D528AC03-99F0-490B-B81E-68F8AE80807A}"
EndProject
Global
	GlobalSection(SolutionConfigurationPlatforms) = preSolution
		Debug|Any CPU = Debug|Any CPU
		Release|Any CPU = Release|Any CPU
	EndGlobalSection
	GlobalSection(ProjectConfigurationPlatforms) = postSolution
		{461DCA83-9C4A-4A3C-94B1-9602972EE6B4}.Debug|Any CPU.ActiveCfg = Debug|Any CPU
		{461DCA83-9C4A-4A3C-94B1-9602972EE6B4}.Debug|Any CPU.Build.0 = Debug|Any CPU
		{461DCA83-9C4A-4A3C-94B1-9602972EE6B4}.Release|Any CPU.ActiveCfg = Release|Any CPU
		{461DCA83-9C4A-4A3C-94B1-9602972EE6B4}.Release|Any CPU.Build.0 = Release|Any CPU
		{BFE60184-5C05-4E08-864A-8F0A8725B69A}.Debug|Any CPU.ActiveCfg = Debug|Any CPU
		{BFE60184-5C05-4E08-864A-8F0A8725B69A}.Debug|Any CPU.Build.0 = Debug|Any CPU
		{BFE60184-5C05-4E08-864A-8F0A8725B69A}.Release|Any CPU.ActiveCfg = Release|Any CPU
		{BFE60184-5C05-4E08-864A-8F0A8725B69A}.Release|Any CPU.Build.0 = Release|Any CPU
		{B49A25F7-1BD9-4A09-B58B-488E6827F050}.Debug|Any CPU.ActiveCfg = Debug|Any CPU
		{B49A25F7-1BD9-4A09-B58B-488E6827F050}.Debug|Any CPU.Build.0 = Debug|Any CPU
		{B49A25F7-1BD9-4A09-B58B-488E6827F050}.Release|Any CPU.ActiveCfg = Release|Any CPU
		{B49A25F7-1BD9-4A09-B58B-488E6827F050}.Release|Any CPU.Build.0 = Release|Any CPU
		{D528AC03-99F0-490B-B81E-68F8AE80807A}.Debug|Any CPU.ActiveCfg = Debug|Any CPU
		{D528AC03-99F0-490B-B81E-68F8AE80807A}.Debug|Any CPU.Build.0 = Debug|Any CPU
		{D528AC03-99F0-490B-B81E-68F8AE80807A}.Release|Any CPU.ActiveCfg = Release|Any CPU
		{D528AC03-99F0-490B-B81E-68F8AE80807A}.Release|Any CPU.Build.0 = Release|Any CPU
	EndGlobalSection
	GlobalSection(SolutionProperties) = preSolution
		HideSolutionNode = FALSE
	EndGlobalSection
EndGlobal
