
Microsoft Visual Studio Solution File, Format Version 12.00
# Visual Studio 2013
VisualStudioVersion = 12.0.31101.0
MinimumVisualStudioVersion = 10.0.40219.1
Project("{FAE04EC0-301F-11D3-BF4B-00C04F79EFBC}") = "LifeLine", "LifeLine\LifeLine.csproj", "{A7E523BB-8D88-483B-9F91-E1F5DCFCD210}"
EndProject
Project("{FAE04EC0-301F-11D3-BF4B-00C04F79EFBC}") = "LifeLine.Core", "LifeLine.Core\LifeLine.Core.csproj", "{61972F28-4DDF-445B-8A41-8DE3CF07B29E}"
EndProject
Project("{FAE04EC0-301F-11D3-BF4B-00C04F79EFBC}") = "LifeLine.Infrastructure", "LifeLine.Infrastructure\LifeLine.Infrastructure.csproj", "{03D4C351-446E-43D2-9506-700E54AEC14A}"
EndProject
Project("{FAE04EC0-301F-11D3-BF4B-00C04F79EFBC}") = "LifeLine.Tests", "LifeLine.Tests\LifeLine.Tests.csproj", "{3FBDCBDD-5479-4933-B4F6-127CBC7DE0E4}"
EndProject
Project("{FAE04EC0-301F-11D3-BF4B-00C04F79EFBC}") = "LifeLine.Common.Mappers", "LifeLine.Common.Mappers\LifeLine.Common.Mappers.csproj", "{662D8D55-6CD3-4E56-9D1B-EA8A3E48C401}"
EndProject
Project("{FAE04EC0-301F-11D3-BF4B-00C04F79EFBC}") = "LifeLine.Common.Services", "LifeLine.Common.Services\LifeLine.Common.Services.csproj", "{BA721990-B3D0-4EAE-A1CE-E8BEC2CC4B6B}"
EndProject
Global
	GlobalSection(SolutionConfigurationPlatforms) = preSolution
		Debug|Any CPU = Debug|Any CPU
		Release|Any CPU = Release|Any CPU
	EndGlobalSection
	GlobalSection(ProjectConfigurationPlatforms) = postSolution
		{A7E523BB-8D88-483B-9F91-E1F5DCFCD210}.Debug|Any CPU.ActiveCfg = Debug|Any CPU
		{A7E523BB-8D88-483B-9F91-E1F5DCFCD210}.Debug|Any CPU.Build.0 = Debug|Any CPU
		{A7E523BB-8D88-483B-9F91-E1F5DCFCD210}.Release|Any CPU.ActiveCfg = Release|Any CPU
		{A7E523BB-8D88-483B-9F91-E1F5DCFCD210}.Release|Any CPU.Build.0 = Release|Any CPU
		{61972F28-4DDF-445B-8A41-8DE3CF07B29E}.Debug|Any CPU.ActiveCfg = Debug|Any CPU
		{61972F28-4DDF-445B-8A41-8DE3CF07B29E}.Debug|Any CPU.Build.0 = Debug|Any CPU
		{61972F28-4DDF-445B-8A41-8DE3CF07B29E}.Release|Any CPU.ActiveCfg = Release|Any CPU
		{61972F28-4DDF-445B-8A41-8DE3CF07B29E}.Release|Any CPU.Build.0 = Release|Any CPU
		{03D4C351-446E-43D2-9506-700E54AEC14A}.Debug|Any CPU.ActiveCfg = Debug|Any CPU
		{03D4C351-446E-43D2-9506-700E54AEC14A}.Debug|Any CPU.Build.0 = Debug|Any CPU
		{03D4C351-446E-43D2-9506-700E54AEC14A}.Release|Any CPU.ActiveCfg = Release|Any CPU
		{03D4C351-446E-43D2-9506-700E54AEC14A}.Release|Any CPU.Build.0 = Release|Any CPU
		{3FBDCBDD-5479-4933-B4F6-127CBC7DE0E4}.Debug|Any CPU.ActiveCfg = Debug|Any CPU
		{3FBDCBDD-5479-4933-B4F6-127CBC7DE0E4}.Debug|Any CPU.Build.0 = Debug|Any CPU
		{3FBDCBDD-5479-4933-B4F6-127CBC7DE0E4}.Release|Any CPU.ActiveCfg = Release|Any CPU
		{3FBDCBDD-5479-4933-B4F6-127CBC7DE0E4}.Release|Any CPU.Build.0 = Release|Any CPU
		{662D8D55-6CD3-4E56-9D1B-EA8A3E48C401}.Debug|Any CPU.ActiveCfg = Debug|Any CPU
		{662D8D55-6CD3-4E56-9D1B-EA8A3E48C401}.Debug|Any CPU.Build.0 = Debug|Any CPU
		{662D8D55-6CD3-4E56-9D1B-EA8A3E48C401}.Release|Any CPU.ActiveCfg = Release|Any CPU
		{662D8D55-6CD3-4E56-9D1B-EA8A3E48C401}.Release|Any CPU.Build.0 = Release|Any CPU
		{BA721990-B3D0-4EAE-A1CE-E8BEC2CC4B6B}.Debug|Any CPU.ActiveCfg = Debug|Any CPU
		{BA721990-B3D0-4EAE-A1CE-E8BEC2CC4B6B}.Debug|Any CPU.Build.0 = Debug|Any CPU
		{BA721990-B3D0-4EAE-A1CE-E8BEC2CC4B6B}.Release|Any CPU.ActiveCfg = Release|Any CPU
		{BA721990-B3D0-4EAE-A1CE-E8BEC2CC4B6B}.Release|Any CPU.Build.0 = Release|Any CPU
	EndGlobalSection
	GlobalSection(SolutionProperties) = preSolution
		HideSolutionNode = FALSE
	EndGlobalSection
EndGlobal
