
Microsoft Visual Studio Solution File, Format Version 12.00
# Visual Studio 15
VisualStudioVersion = 15.0.26430.13
MinimumVisualStudioVersion = 10.0.40219.1
Project("{FAE04EC0-301F-11D3-BF4B-00C04F79EFBC}") = "CRUDAngular2", "CRUDAngular2\CRUDAngular2.csproj", "{0FBE683C-B8A8-43A5-AC6C-9F1DB8F18496}"
EndProject
Project("{FAE04EC0-301F-11D3-BF4B-00C04F79EFBC}") = "CRUDAngular2.Tests", "CRUDAngular2.Tests\CRUDAngular2.Tests.csproj", "{89DAB91C-B97C-43AD-AA12-174592BF8E63}"
EndProject
Global
	GlobalSection(SolutionConfigurationPlatforms) = preSolution
		Debug|Any CPU = Debug|Any CPU
		Release|Any CPU = Release|Any CPU
	EndGlobalSection
	GlobalSection(ProjectConfigurationPlatforms) = postSolution
		{0FBE683C-B8A8-43A5-AC6C-9F1DB8F18496}.Debug|Any CPU.ActiveCfg = Debug|Any CPU
		{0FBE683C-B8A8-43A5-AC6C-9F1DB8F18496}.Debug|Any CPU.Build.0 = Debug|Any CPU
		{0FBE683C-B8A8-43A5-AC6C-9F1DB8F18496}.Release|Any CPU.ActiveCfg = Release|Any CPU
		{0FBE683C-B8A8-43A5-AC6C-9F1DB8F18496}.Release|Any CPU.Build.0 = Release|Any CPU
		{89DAB91C-B97C-43AD-AA12-174592BF8E63}.Debug|Any CPU.ActiveCfg = Debug|Any CPU
		{89DAB91C-B97C-43AD-AA12-174592BF8E63}.Debug|Any CPU.Build.0 = Debug|Any CPU
		{89DAB91C-B97C-43AD-AA12-174592BF8E63}.Release|Any CPU.ActiveCfg = Release|Any CPU
		{89DAB91C-B97C-43AD-AA12-174592BF8E63}.Release|Any CPU.Build.0 = Release|Any CPU
	EndGlobalSection
	GlobalSection(SolutionProperties) = preSolution
		HideSolutionNode = FALSE
	EndGlobalSection
EndGlobal
